{
    "_meta": {
        "hash": {
            "sha256": "e5d2958becc6deafdf11405fbf1fe47528333e5a56bfba9a56ab775511d783d7"
        },
        "pipfile-spec": 6,
        "requires": {
            "python_version": "3.9"
        },
        "sources": [
            {
                "name": "pypi",
                "url": "https://pypi.org/simple",
                "verify_ssl": true
            }
        ]
    },
    "default": {
        "attrs": {
            "hashes": [
                "sha256:149e90d6d8ac20db7a955ad60cf0e6881a3f20d37096140088356da6c716b0b1",
                "sha256:ef6aaac3ca6cd92904cdd0d83f629a15f18053ec84e6432106f7a4d04ae4f5fb"
            ],
            "markers": "python_version >= '2.7' and python_version not in '3.0, 3.1, 3.2, 3.3, 3.4'",
            "version": "==21.2.0"
        },
        "jsonschema": {
            "hashes": [
                "sha256:4e5b3cf8216f577bee9ce139cbe72eca3ea4f292ec60928ff24758ce626cd163",
                "sha256:c8a85b28d377cc7737e46e2d9f2b4f44ee3c0e1deac6bf46ddefc7187d30797a"
            ],
            "index": "pypi",
            "version": "==3.2.0"
        },
        "pyobjc-core": {
            "hashes": [
                "sha256:860183540d1be792c26426018139ac8ba75e85f675c59ba080ccdc52d8e74c7a",
                "sha256:94b4d9de9d228db52dd35012096d63bdf8c1ace58ea3be1d5f6f39313cd502f2",
                "sha256:971cbd7189ae1aa03ef0d16124aa5bcd053779e0e6b6011a41c3dbd5b4ea7e88",
                "sha256:9d93b20394008373d6d2856d49aaff26f4b97ff42d924a14516c8a82313ec8c0",
                "sha256:9e9ec482d80ea030cdb1613d05a247f31eedabe6666d884d42dd890cc5fb0e05",
                "sha256:ffe61d3c2a404354daf2d895e34e38c5044453353581b3c396bf5365de26250c"
            ],
            "markers": "python_version >= '3.6'",
            "version": "==7.2"
        },
        "pyobjc-framework-avfoundation": {
            "hashes": [
                "sha256:93997bcd795335eb1011ac10ac58da4f1102adb9cc5f6a6a6acb09f17514c112",
                "sha256:c7df3704263f4af76851cd140db5bad28a934f38ef2e4bc4c69a446bd4e6d37a",
                "sha256:e25bf4002e3ba0fcf050039ef0b5584abb3a8adfa1ccf7f9c57e98ff1795b6d5"
            ],
            "index": "pypi",
            "version": "==7.2"
        },
        "pyobjc-framework-cocoa": {
            "hashes": [
                "sha256:506c2cd09f421eac92b9008a0142174c3d1d70ecd4b0e3fa2b924767995fd14e",
                "sha256:7e4c6d7baa0c2ab5ea5efb8836ad0b3b3976cffcfc6195c1f195e826c6eb5744",
                "sha256:828d183947fc7746953fd0c9b1092cc423745ba0b49719e7b7d1e1614aaa20ec",
                "sha256:8e5dd5daa0096755937ec24c345a4b07c3fa131a457f99e0fdeeb01979178ec7",
                "sha256:c8b23f03dc3f4436d36c0fd006a8a084835c4f6015187df7c3aa5de8ecd5c653",
                "sha256:c9a9d1d49cc5a810773c88d6de821e60c8cc41d01113cf1b9e7662938f5f7d66"
            ],
            "index": "pypi",
            "version": "==7.2"
        },
        "pyobjc-framework-coreaudio": {
            "hashes": [
                "sha256:183213a57295a7b49dc965e68f754dab1dd91e0d0e2b03e04674917928cabd2d",
                "sha256:2d7586bdf1e31c9b59b43f1faddeaf54810cc8dc68663b07d785022735af25d4",
                "sha256:3ab47609ed243957b319b1e30d2a84cee9bd33bee45e3a6570f7ff52d124452c",
                "sha256:64b995fcf759cb099fba29d7cc0e5dbeb5ac23dda9ab7299c418c77057a2ae4d",
                "sha256:73826916c15014f93126e724126669fbdbd14c99ef89482d53fa3f9ff6792f3e",
                "sha256:a69aaa131e1df6d0e97718fc9755ee13b484a2abff2484cf6c8a2fcc95d7065f"
            ],
            "index": "pypi",
            "version": "==7.2"
        },
        "pyobjc-framework-coremedia": {
            "hashes": [
                "sha256:125d786f9e7b8f7e7a3605fcc7c028075ca9036e212140fe8e605e49dc704d0d",
                "sha256:1f51b20214bb60f687ea3ca4556e01fbb93d61e54ba82a62ef4ffb6807fe5d2d",
                "sha256:2990893700d9e128018ed1504bc35cadffe8c0f20cb87b631c7fc688746b4c5a",
                "sha256:2d99b3730acd0d36578fa4c505317ec6fb4c80e1f436c24573b330464ce3bdb9",
                "sha256:d79939fd3b7b792a4c9667e213f164ce9228f686f404ceb333271aa97ba025b8",
                "sha256:e015c2d89ac320826c7b9cd6b04bfc5ccb5055a37303dad15f48c2f8bac41e7d"
            ],
            "markers": "python_version >= '3.6'",
            "version": "==7.2"
        },
        "pyobjc-framework-coremediaio": {
            "hashes": [
                "sha256:73c725daa9a58418458cc085c7c3d927924374fb522eb41c4ada51a735b9220f",
                "sha256:d868b797ac1193f42f5d80822df26f4d9b5fae1850584743c9ce0e2a75b6f7d1",
                "sha256:df7133255cf405240ce23df5623c6fab3ca9e31cedb67ce13c6c4f3c88d0d41b"
            ],
            "index": "pypi",
            "version": "==7.2"
        },
        "pyobjc-framework-quartz": {
            "hashes": [
                "sha256:4549d17ca41f0bf62792d5bc4b4293ba9a6cc560014b3e18ba22c65e4a5030d2",
                "sha256:ad8103cc38923f2708904db11a0992ea960125ce6adf7b4c7a77d8fdafd412c4",
                "sha256:c1f6471177a39535cd0358ae29b8f3d31fe778a21deb74105c448c4e726619d7",
                "sha256:da16e4f1e13cb7b02e30fa538cbb3a356e4a694bbc2bb26d2bd100ca12a54ff6",
                "sha256:dc61fe61d26f797e4335f3ffc891bcef64624c728c2603e3307b3910580b2cb8",
                "sha256:ea554e5697bc6747a4ce793c0b0036da16622b44ff75196d6124603008922afa"
            ],
            "markers": "python_version >= '3.6'",
            "version": "==7.2"
        },
        "pyrsistent": {
            "hashes": [
                "sha256:2e636185d9eb976a18a8a8e96efce62f2905fea90041958d8cc2a189756ebf3e"
            ],
            "markers": "python_version >= '3.5'",
            "version": "==0.17.3"
        },
        "six": {
            "hashes": [
                "sha256:1e61c37477a1626458e36f7b1d82aa5c9b094fa4802892072e49de9c60c4c926",
                "sha256:8abb2f1d86890a2dfb989f9a77cfcfd3e47c2a354b01111771326f8aa26e0254"
            ],
            "markers": "python_version >= '2.7' and python_version not in '3.0, 3.1, 3.2, 3.3'",
            "version": "==1.16.0"
        }
    },
    "develop": {}
}
